<?xml version="1.0" encoding="utf-8"?>
<Project ToolsVersion="4.0" xmlns="http://schemas.microsoft.com/developer/msbuild/2003">
  <ItemGroup>
    <Filter Include="Source Files">
      <UniqueIdentifier>{4FC737F1-C7A5-4376-A066-2A32D752A2FF}</UniqueIdentifier>
      <Extensions>cpp;c;cc;cxx;def;odl;idl;hpj;bat;asm;asmx</Extensions>
    </Filter>
    <Filter Include="Header Files">
      <UniqueIdentifier>{93995380-89BD-4b04-88EB-625FBE52EBFB}</UniqueIdentifier>
      <Extensions>h;hh;hpp;hxx;hm;inl;inc;xsd</Extensions>
    </Filter>
    <Filter Include="Resource Files">
      <UniqueIdentifier>{D9D6E242-F8AF-46E4-B9FD-80ECBC20BA3E}</UniqueIdentifier>
      <Extensions>qrc;*</Extensions>
      <ParseFiles>false</ParseFiles>
    </Filter>
    <Filter Include="Form Files">
      <UniqueIdentifier>{99349809-55BA-4b9d-BF79-8FDBB0286EB3}</UniqueIdentifier>
      <Extensions>ui</Extensions>
    </Filter>
    <Filter Include="Resource Files">
      <UniqueIdentifier>{D9D6E242-F8AF-46E4-B9FD-80ECBC20BA3E}</UniqueIdentifier>
      <Extensions>qrc;*</Extensions>
      <ParseFiles>false</ParseFiles>
    </Filter>
    <Filter Include="Generated Files">
      <UniqueIdentifier>{71ED8ED8-ACB9-4CE9-BBE1-E00B30144E11}</UniqueIdentifier>
      <Extensions>moc;h;cpp</Extensions>
      <SourceControlFiles>False</SourceControlFiles>
    </Filter>
    <Filter Include="Source Files\Widgets">
      <UniqueIdentifier>{51e592de-2c66-4079-9f66-340a2eaf8d1e}</UniqueIdentifier>
    </Filter>
    <Filter Include="Header Files\Widgets">
      <UniqueIdentifier>{c7ebffdf-1ed6-428b-855f-44a345abab1d}</UniqueIdentifier>
    </Filter>
    <Filter Include="Source Files\Utils">
      <UniqueIdentifier>{04052976-a7dd-4a94-a595-0054c651bd83}</UniqueIdentifier>
    </Filter>
    <Filter Include="Header Files\Utils">
      <UniqueIdentifier>{cc1f9734-ace7-4c34-a218-08fbe4052521}</UniqueIdentifier>
    </Filter>
    <Filter Include="Header Files\Geometries">
      <UniqueIdentifier>{8b8c0562-1d19-4980-b3e1-b0175f4e5f3e}</UniqueIdentifier>
    </Filter>
    <Filter Include="Source Files\Geometries">
      <UniqueIdentifier>{f45983e9-f5dd-4e1a-ab5f-67a00923180f}</UniqueIdentifier>
    </Filter>
    <Filter Include="Header Files\Cameras">
      <UniqueIdentifier>{4f16e491-47b8-48b1-a3bd-d37a9b2c1675}</UniqueIdentifier>
    </Filter>
    <Filter Include="Source Files\Cameras">
      <UniqueIdentifier>{2b84c4d1-2cf8-42b2-83c3-3e89b6689bbb}</UniqueIdentifier>
    </Filter>
    <Filter Include="Header Files\Lights">
      <UniqueIdentifier>{815318c8-17b6-4a24-9157-4e81e7c803a8}</UniqueIdentifier>
    </Filter>
    <Filter Include="Source Files\Lights">
      <UniqueIdentifier>{a80ebcfe-ef71-4093-b26e-821551e3114d}</UniqueIdentifier>
    </Filter>
    <Filter Include="Source Files\Textures">
      <UniqueIdentifier>{6a7cd581-5b49-4953-841d-a837c0ebf16f}</UniqueIdentifier>
    </Filter>
    <Filter Include="Header Files\Textures">
      <UniqueIdentifier>{c6eb36a1-d2a8-4f87-9bff-7af333600272}</UniqueIdentifier>
    </Filter>
  </ItemGroup>
  <ItemGroup>
    <ClCompile Include="main.cpp">
      <Filter>Source Files</Filter>
    </ClCompile>
    <ClCompile Include="TinyRenderer.cpp">
      <Filter>Source Files</Filter>
    </ClCompile>
    <ClCompile Include="Widgets\RenderWidget.cpp">
      <Filter>Source Files\Widgets</Filter>
    </ClCompile>
    <ClCompile Include="Utils\Vec3.cpp">
      <Filter>Source Files\Utils</Filter>
    </ClCompile>
    <ClCompile Include="Utils\Ray.cpp">
      <Filter>Source Files\Utils</Filter>
    </ClCompile>
    <ClCompile Include="Geometries\Geometry.cpp">
      <Filter>Source Files\Geometries</Filter>
    </ClCompile>
    <ClCompile Include="Geometries\Objloader.cpp">
      <Filter>Source Files\Geometries</Filter>
    </ClCompile>
    <ClCompile Include="Geometries\Plane.cpp">
      <Filter>Source Files\Geometries</Filter>
    </ClCompile>
    <ClCompile Include="Geometries\Sphere.cpp">
      <Filter>Source Files\Geometries</Filter>
    </ClCompile>
    <ClCompile Include="Cameras\Orthogonalcamera.cpp">
      <Filter>Source Files\Cameras</Filter>
    </ClCompile>
    <ClCompile Include="Cameras\Perspectivecamera.cpp">
      <Filter>Source Files\Cameras</Filter>
    </ClCompile>
    <ClCompile Include="Lights\Pointlight.cpp">
      <Filter>Source Files\Lights</Filter>
    </ClCompile>
    <ClCompile Include="Raytracer.cpp">
      <Filter>Source Files</Filter>
    </ClCompile>
    <ClCompile Include="Scene.cpp">
      <Filter>Source Files</Filter>
    </ClCompile>
    <ClCompile Include="Textures\Chesstexture.cpp">
      <Filter>Source Files\Textures</Filter>
    </ClCompile>
  </ItemGroup>
  <ItemGroup>
    <QtMoc Include="TinyRenderer.h">
      <Filter>Header Files</Filter>
    </QtMoc>
    <QtMoc Include="Widgets\RenderWidget.h">
      <Filter>Header Files\Widgets</Filter>
    </QtMoc>
  </ItemGroup>
  <ItemGroup>
    <QtUic Include="TinyRenderer.ui">
      <Filter>Form Files</Filter>
    </QtUic>
    <QtUic Include="Widgets\RenderWidget.ui">
      <Filter>Form Files</Filter>
    </QtUic>
  </ItemGroup>
  <ItemGroup>
    <QtRcc Include="TinyRenderer.qrc">
      <Filter>Resource Files</Filter>
    </QtRcc>
  </ItemGroup>
  <ItemGroup>
    <ClInclude Include="Utils\Vec3.h">
      <Filter>Header Files\Utils</Filter>
    </ClInclude>
    <ClInclude Include="Utils\Ray.h">
      <Filter>Header Files\Utils</Filter>
    </ClInclude>
    <ClInclude Include="Geometries\Geometry.h">
      <Filter>Header Files\Geometries</Filter>
    </ClInclude>
    <ClInclude Include="Geometries\Objloader.h">
      <Filter>Header Files\Geometries</Filter>
    </ClInclude>
    <ClInclude Include="Geometries\Plane.h">
      <Filter>Header Files\Geometries</Filter>
    </ClInclude>
    <ClInclude Include="Geometries\Sphere.h">
      <Filter>Header Files\Geometries</Filter>
    </ClInclude>
    <ClInclude Include="Cameras\Orthogonalcamera.h">
      <Filter>Header Files\Cameras</Filter>
    </ClInclude>
    <ClInclude Include="Cameras\Perspectivecamera.h">
      <Filter>Header Files\Cameras</Filter>
    </ClInclude>
    <ClInclude Include="Lights\Pointlight.h">
      <Filter>Header Files\Lights</Filter>
    </ClInclude>
    <ClInclude Include="Raytracer.h">
      <Filter>Header Files</Filter>
    </ClInclude>
    <ClInclude Include="Scene.h">
      <Filter>Header Files</Filter>
    </ClInclude>
    <ClInclude Include="Textures\Chesstexture.h">
      <Filter>Header Files\Textures</Filter>
    </ClInclude>
  </ItemGroup>
</Project>